{
  "version": 1,
  "dependencies": {
    "net10.0": {
      "HappyPhoton.LibRaw.Native": {
        "type": "Direct",
        "requested": "[0.22.2.10, )",
        "resolved": "0.22.2.10",
        "contentHash": "S1nBt/BqCIEJZEr7BHeUYrYZOkmAXZbGUajIWiojHEJcoifw6bSOnFXg8qi4WJpiR9eAMnA1bwGzfBIrT+b6nA=="
      }
    },
    "net10.0/linux-x64": {
      "HappyPhoton.LibRaw.Native": {
        "type": "Direct",
        "requested": "[0.22.2.10, )",
        "resolved": "0.22.2.10",
        "contentHash": "S1nBt/BqCIEJZEr7BHeUYrYZOkmAXZbGUajIWiojHEJcoifw6bSOnFXg8qi4WJpiR9eAMnA1bwGzfBIrT+b6nA=="
      }
    },
    "net10.0/osx-arm64": {
      "HappyPhoton.LibRaw.Native": {
        "type": "Direct",
        "requested": "[0.22.2.10, )",
        "resolved": "0.22.2.10",
        "contentHash": "S1nBt/BqCIEJZEr7BHeUYrYZOkmAXZbGUajIWiojHEJcoifw6bSOnFXg8qi4WJpiR9eAMnA1bwGzfBIrT+b6nA=="
      }
    },
    "net10.0/win-x64": {
      "HappyPhoton.LibRaw.Native": {
        "type": "Direct",
        "requested": "[0.22.2.10, )",
        "resolved": "0.22.2.10",
        "contentHash": "S1nBt/BqCIEJZEr7BHeUYrYZOkmAXZbGUajIWiojHEJcoifw6bSOnFXg8qi4WJpiR9eAMnA1bwGzfBIrT+b6nA=="
      }
    }
  }
}