{
  "version": 1,
  "dependencies": {
    "net10.0": {
      "HappyPhoton.LibRaw.Native": {
        "type": "Direct",
        "requested": "[0.22.2.11, )",
        "resolved": "0.22.2.11",
        "contentHash": "mHn9hWwvru5+ST5nUYnjQiY3j1PhW6/PLZJLdOLy3k304IXLb3G6KvePjSGdcliKAmG5oaaPegssaUMxqQV+3g=="
      }
    },
    "net10.0/linux-x64": {
      "HappyPhoton.LibRaw.Native": {
        "type": "Direct",
        "requested": "[0.22.2.11, )",
        "resolved": "0.22.2.11",
        "contentHash": "mHn9hWwvru5+ST5nUYnjQiY3j1PhW6/PLZJLdOLy3k304IXLb3G6KvePjSGdcliKAmG5oaaPegssaUMxqQV+3g=="
      }
    },
    "net10.0/osx-arm64": {
      "HappyPhoton.LibRaw.Native": {
        "type": "Direct",
        "requested": "[0.22.2.11, )",
        "resolved": "0.22.2.11",
        "contentHash": "mHn9hWwvru5+ST5nUYnjQiY3j1PhW6/PLZJLdOLy3k304IXLb3G6KvePjSGdcliKAmG5oaaPegssaUMxqQV+3g=="
      }
    },
    "net10.0/win-x64": {
      "HappyPhoton.LibRaw.Native": {
        "type": "Direct",
        "requested": "[0.22.2.11, )",
        "resolved": "0.22.2.11",
        "contentHash": "mHn9hWwvru5+ST5nUYnjQiY3j1PhW6/PLZJLdOLy3k304IXLb3G6KvePjSGdcliKAmG5oaaPegssaUMxqQV+3g=="
      }
    }
  }
}